
Microsoft Visual Studio Solution File, Format Version 12.00
# Visual Studio 15
VisualStudioVersion = 15.0.27004.2009
MinimumVisualStudioVersion = 10.0.40219.1
Project("{FAE04EC0-301F-11D3-BF4B-00C04F79EFBC}") = "Zad2", "Zad2\Zad2.csproj", "{105B53AF-9CB0-4F64-9CCE-0A96B424311D}"
EndProject
Project("{FAE04EC0-301F-11D3-BF4B-00C04F79EFBC}") = "Zad3", "Zad3\Zad3.csproj", "{DDE085CC-850A-45F7-B8FC-E95C7D7BB6EB}"
EndProject
Project("{FAE04EC0-301F-11D3-BF4B-00C04F79EFBC}") = "Zad4", "Zad4\Zad4.csproj", "{BFFC0699-626E-4F06-BBD4-5592CB8E1353}"
EndProject
Project("{FAE04EC0-301F-11D3-BF4B-00C04F79EFBC}") = "Testy", "Testy\Testy.csproj", "{82F0B973-2774-401E-8786-ECB0F51D1914}"
EndProject
Project("{FAE04EC0-301F-11D3-BF4B-00C04F79EFBC}") = "Zad1", "Zad1\Zad1.csproj", "{E6D82A86-2D65-489E-9FF8-42CB4E6DF856}"
EndProject
Global
	GlobalSection(SolutionConfigurationPlatforms) = preSolution
		Debug|Any CPU = Debug|Any CPU
		Release|Any CPU = Release|Any CPU
	EndGlobalSection
	GlobalSection(ProjectConfigurationPlatforms) = postSolution
		{105B53AF-9CB0-4F64-9CCE-0A96B424311D}.Debug|Any CPU.ActiveCfg = Debug|Any CPU
		{105B53AF-9CB0-4F64-9CCE-0A96B424311D}.Debug|Any CPU.Build.0 = Debug|Any CPU
		{105B53AF-9CB0-4F64-9CCE-0A96B424311D}.Release|Any CPU.ActiveCfg = Release|Any CPU
		{105B53AF-9CB0-4F64-9CCE-0A96B424311D}.Release|Any CPU.Build.0 = Release|Any CPU
		{DDE085CC-850A-45F7-B8FC-E95C7D7BB6EB}.Debug|Any CPU.ActiveCfg = Debug|Any CPU
		{DDE085CC-850A-45F7-B8FC-E95C7D7BB6EB}.Debug|Any CPU.Build.0 = Debug|Any CPU
		{DDE085CC-850A-45F7-B8FC-E95C7D7BB6EB}.Release|Any CPU.ActiveCfg = Release|Any CPU
		{DDE085CC-850A-45F7-B8FC-E95C7D7BB6EB}.Release|Any CPU.Build.0 = Release|Any CPU
		{BFFC0699-626E-4F06-BBD4-5592CB8E1353}.Debug|Any CPU.ActiveCfg = Debug|Any CPU
		{BFFC0699-626E-4F06-BBD4-5592CB8E1353}.Debug|Any CPU.Build.0 = Debug|Any CPU
		{BFFC0699-626E-4F06-BBD4-5592CB8E1353}.Release|Any CPU.ActiveCfg = Release|Any CPU
		{BFFC0699-626E-4F06-BBD4-5592CB8E1353}.Release|Any CPU.Build.0 = Release|Any CPU
		{82F0B973-2774-401E-8786-ECB0F51D1914}.Debug|Any CPU.ActiveCfg = Debug|Any CPU
		{82F0B973-2774-401E-8786-ECB0F51D1914}.Debug|Any CPU.Build.0 = Debug|Any CPU
		{82F0B973-2774-401E-8786-ECB0F51D1914}.Release|Any CPU.ActiveCfg = Release|Any CPU
		{82F0B973-2774-401E-8786-ECB0F51D1914}.Release|Any CPU.Build.0 = Release|Any CPU
		{E6D82A86-2D65-489E-9FF8-42CB4E6DF856}.Debug|Any CPU.ActiveCfg = Debug|Any CPU
		{E6D82A86-2D65-489E-9FF8-42CB4E6DF856}.Debug|Any CPU.Build.0 = Debug|Any CPU
		{E6D82A86-2D65-489E-9FF8-42CB4E6DF856}.Release|Any CPU.ActiveCfg = Release|Any CPU
		{E6D82A86-2D65-489E-9FF8-42CB4E6DF856}.Release|Any CPU.Build.0 = Release|Any CPU
	EndGlobalSection
	GlobalSection(SolutionProperties) = preSolution
		HideSolutionNode = FALSE
	EndGlobalSection
	GlobalSection(ExtensibilityGlobals) = postSolution
		SolutionGuid = {9F0F0F6E-181A-4754-8E5A-FD0D94AA6EFD}
	EndGlobalSection
EndGlobal
