
Microsoft Visual Studio Solution File, Format Version 12.00
# Visual Studio 15
VisualStudioVersion = 15.0.27428.2027
MinimumVisualStudioVersion = 10.0.40219.1
Project("{FAE04EC0-301F-11D3-BF4B-00C04F79EFBC}") = "Zad3", "Zad3\Zad3.csproj", "{35B46C24-1012-4CA2-89D6-96C82F5D3D89}"
EndProject
Global
	GlobalSection(SolutionConfigurationPlatforms) = preSolution
		Debug|Any CPU = Debug|Any CPU
		Release|Any CPU = Release|Any CPU
	EndGlobalSection
	GlobalSection(ProjectConfigurationPlatforms) = postSolution
		{35B46C24-1012-4CA2-89D6-96C82F5D3D89}.Debug|Any CPU.ActiveCfg = Debug|Any CPU
		{35B46C24-1012-4CA2-89D6-96C82F5D3D89}.Debug|Any CPU.Build.0 = Debug|Any CPU
		{35B46C24-1012-4CA2-89D6-96C82F5D3D89}.Release|Any CPU.ActiveCfg = Release|Any CPU
		{35B46C24-1012-4CA2-89D6-96C82F5D3D89}.Release|Any CPU.Build.0 = Release|Any CPU
	EndGlobalSection
	GlobalSection(SolutionProperties) = preSolution
		HideSolutionNode = FALSE
	EndGlobalSection
	GlobalSection(ExtensibilityGlobals) = postSolution
		SolutionGuid = {0027F678-88A2-4F29-A8D7-D008C0536EAE}
	EndGlobalSection
EndGlobal
